lockfileVersion: '9.0'

settings:
  autoInstallPeers: true
  excludeLinksFromLockfile: false

importers:

  .:
    dependencies:
      p-limit:
        specifier: ^6.2.0
        version: 6.2.0

packages:

  p-limit@6.2.0:
    resolution: {integrity: sha512-kuUqqHNUqoIWp/c467RI4X6mmyuojY5jGutNU0wVTmEOOfcuwLqyMVoAi9MKi2Ak+5i9+nhmrK4ufZE8069kHA==}
    engines: {node: '>=18'}

  yocto-queue@1.1.1:
    resolution: {integrity: sha512-b4JR1PFR10y1mKjhHY9LaGo6tmrgjit7hxVIeAmyMw3jegXR4dhYqLaQF5zMXZxY7tLpMyJeLjr1C4rLmkVe8g==}
    engines: {node: '>=12.20'}

snapshots:

  p-limit@6.2.0:
    dependencies:
      yocto-queue: 1.1.1

  yocto-queue@1.1.1: {}
